
Microsoft Visual Studio Solution File, Format Version 12.00
# Visual Studio Version 17
VisualStudioVersion = 17.0.32002.185
MinimumVisualStudioVersion = 10.0.40219.1
Project("{FAE04EC0-301F-11D3-BF4B-00C04F79EFBC}") = "GP", "GP.csproj", "{02328407-C266-4E1B-AB2D-0798334FCF0D}"
EndProject
Global
	GlobalSection(SolutionConfigurationPlatforms) = preSolution
		Debug|Any CPU = Debug|Any CPU
		Release|Any CPU = Release|Any CPU
	EndGlobalSection
	GlobalSection(ProjectConfigurationPlatforms) = postSolution
		{02328407-C266-4E1B-AB2D-0798334FCF0D}.Debug|Any CPU.ActiveCfg = Debug|Any CPU
		{02328407-C266-4E1B-AB2D-0798334FCF0D}.Debug|Any CPU.Build.0 = Debug|Any CPU
		{02328407-C266-4E1B-AB2D-0798334FCF0D}.Release|Any CPU.ActiveCfg = Release|Any CPU
		{02328407-C266-4E1B-AB2D-0798334FCF0D}.Release|Any CPU.Build.0 = Release|Any CPU
	EndGlobalSection
	GlobalSection(SolutionProperties) = preSolution
		HideSolutionNode = FALSE
	EndGlobalSection
	GlobalSection(ExtensibilityGlobals) = postSolution
		SolutionGuid = {C0594A7A-B22C-4A7D-B34D-7728E23F41DF}
	EndGlobalSection
EndGlobal
